// !$*UTF8*$!
{
	archiveVersion = 1;
	classes = {
	};
	objectVersion = 51;
	objects = {

/* Begin PBXBuildFile section */
		6812555722BBCDBB0069F656 /* AppDelegate.swift in Sources */ = {isa = PBXBuildFile; fileRef = 6812555622BBCDBB0069F656 /* AppDelegate.swift */; };
		6812555E22BBCDBD0069F656 /* Assets.xcassets in Resources */ = {isa = PBXBuildFile; fileRef = 6812555D22BBCDBD0069F656 /* Assets.xcassets */; };
		6812556122BBCDBD0069F656 /* LaunchScreen.storyboard in Resources */ = {isa = PBXBuildFile; fileRef = 6812555F22BBCDBD0069F656 /* LaunchScreen.storyboard */; };
		6812556B22BBD41C0069F656 /* GoogleService-Info.plist in Resources */ = {isa = PBXBuildFile; fileRef = 6812556A22BBD41C0069F656 /* GoogleService-Info.plist */; };
		6830A5B022C65B8800C62108 /* FeedListViewController.swift in Sources */ = {isa = PBXBuildFile; fileRef = 6830A5AF22C65B8800C62108 /* FeedListViewController.swift */; };
		6830A5B222C65B9800C62108 /* FeedListViewModel.swift in Sources */ = {isa = PBXBuildFile; fileRef = 6830A5B122C65B9800C62108 /* FeedListViewModel.swift */; };
		6830A5B622C65BD100C62108 /* FeedTableViewCell.swift in Sources */ = {isa = PBXBuildFile; fileRef = 6830A5B522C65BD100C62108 /* FeedTableViewCell.swift */; };
		CB12EB0C073F79DF8A0B22BD /* Pods_FireFeed.framework in Frameworks */ = {isa = PBXBuildFile; fileRef = 7E216CB611075428AE16C397 /* Pods_FireFeed.framework */; };
/* End PBXBuildFile section */

/* Begin PBXFileReference section */
		25DFD217A6D1F60F39F79C44 /* Pods-FireFeed.release.xcconfig */ = {isa = PBXFileReference; includeInIndex = 1; lastKnownFileType = text.xcconfig; name = "Pods-FireFeed.release.xcconfig"; path = "Target Support Files/Pods-FireFeed/Pods-FireFeed.release.xcconfig"; sourceTree = "<group>"; };
		6812555322BBCDBB0069F656 /* FireFeed.app */ = {isa = PBXFileReference; explicitFileType = wrapper.application; includeInIndex = 0; path = FireFeed.app; sourceTree = BUILT_PRODUCTS_DIR; };
		6812555622BBCDBB0069F656 /* AppDelegate.swift */ = {isa = PBXFileReference; lastKnownFileType = sourcecode.swift; path = AppDelegate.swift; sourceTree = "<group>"; };
		6812555D22BBCDBD0069F656 /* Assets.xcassets */ = {isa = PBXFileReference; lastKnownFileType = folder.assetcatalog; path = Assets.xcassets; sourceTree = "<group>"; };
		6812556022BBCDBD0069F656 /* Base */ = {isa = PBXFileReference; lastKnownFileType = file.storyboard; name = Base; path = Base.lproj/LaunchScreen.storyboard; sourceTree = "<group>"; };
		6812556222BBCDBD0069F656 /* Info.plist */ = {isa = PBXFileReference; lastKnownFileType = text.plist.xml; path = Info.plist; sourceTree = "<group>"; };
		6812556A22BBD41C0069F656 /* GoogleService-Info.plist */ = {isa = PBXFileReference; fileEncoding = 4; lastKnownFileType = text.plist.xml; path = "GoogleService-Info.plist"; sourceTree = "<group>"; };
		6830A5AF22C65B8800C62108 /* FeedListViewController.swift */ = {isa = PBXFileReference; lastKnownFileType = sourcecode.swift; path = FeedListViewController.swift; sourceTree = "<group>"; };
		6830A5B122C65B9800C62108 /* FeedListViewModel.swift */ = {isa = PBXFileReference; lastKnownFileType = sourcecode.swift; path = FeedListViewModel.swift; sourceTree = "<group>"; };
		6830A5B522C65BD100C62108 /* FeedTableViewCell.swift */ = {isa = PBXFileReference; lastKnownFileType = sourcecode.swift; path = FeedTableViewCell.swift; sourceTree = "<group>"; };
		7E216CB611075428AE16C397 /* Pods_FireFeed.framework */ = {isa = PBXFileReference; explicitFileType = wrapper.framework; includeInIndex = 0; path = Pods_FireFeed.framework; sourceTree = BUILT_PRODUCTS_DIR; };
		8554F622C5F4DA4D0D5F314F /* Pods-FireFeed.debug.xcconfig */ = {isa = PBXFileReference; includeInIndex = 1; lastKnownFileType = text.xcconfig; name = "Pods-FireFeed.debug.xcconfig"; path = "Target Support Files/Pods-FireFeed/Pods-FireFeed.debug.xcconfig"; sourceTree = "<group>"; };
/* End PBXFileReference section */

/* Begin PBXFrameworksBuildPhase section */
		6812555022BBCDBB0069F656 /* Frameworks */ = {
			isa = PBXFrameworksBuildPhase;
			buildActionMask = 2147483647;
			files = (
				CB12EB0C073F79DF8A0B22BD /* Pods_FireFeed.framework in Frameworks */,
			);
			runOnlyForDeploymentPostprocessing = 0;
		};
/* End PBXFrameworksBuildPhase section */

/* Begin PBXGroup section */
		0AAC5151474A8F23C6D5AA7A /* Pods */ = {
			isa = PBXGroup;
			children = (
				8554F622C5F4DA4D0D5F314F /* Pods-FireFeed.debug.xcconfig */,
				25DFD217A6D1F60F39F79C44 /* Pods-FireFeed.release.xcconfig */,
			);
			path = Pods;
			sourceTree = "<group>";
		};
		6812554A22BBCDBB0069F656 = {
			isa = PBXGroup;
			children = (
				6812555522BBCDBB0069F656 /* FireFeed */,
				6812555422BBCDBB0069F656 /* Products */,
				0AAC5151474A8F23C6D5AA7A /* Pods */,
				7E17262BBDD77A580EB57C62 /* Frameworks */,
			);
			sourceTree = "<group>";
		};
		6812555422BBCDBB0069F656 /* Products */ = {
			isa = PBXGroup;
			children = (
				6812555322BBCDBB0069F656 /* FireFeed.app */,
			);
			name = Products;
			sourceTree = "<group>";
		};
		6812555522BBCDBB0069F656 /* FireFeed */ = {
			isa = PBXGroup;
			children = (
				6830A5B322C65B9C00C62108 /* FeedCell */,
				6830A5AE22C65B6D00C62108 /* FeedList */,
				6812556A22BBD41C0069F656 /* GoogleService-Info.plist */,
				6812555622BBCDBB0069F656 /* AppDelegate.swift */,
				6812555D22BBCDBD0069F656 /* Assets.xcassets */,
				6812555F22BBCDBD0069F656 /* LaunchScreen.storyboard */,
				6812556222BBCDBD0069F656 /* Info.plist */,
			);
			path = FireFeed;
			sourceTree = "<group>";
		};
		6830A5AE22C65B6D00C62108 /* FeedList */ = {
			isa = PBXGroup;
			children = (
				6830A5AF22C65B8800C62108 /* FeedListViewController.swift */,
				6830A5B122C65B9800C62108 /* FeedListViewModel.swift */,
			);
			path = FeedList;
			sourceTree = "<group>";
		};
		6830A5B322C65B9C00C62108 /* FeedCell */ = {
			isa = PBXGroup;
			children = (
				6830A5B522C65BD100C62108 /* FeedTableViewCell.swift */,
			);
			path = FeedCell;
			sourceTree = "<group>";
		};
		7E17262BBDD77A580EB57C62 /* Frameworks */ = {
			isa = PBXGroup;
			children = (
				7E216CB611075428AE16C397 /* Pods_FireFeed.framework */,
			);
			name = Frameworks;
			sourceTree = "<group>";
		};
/* End PBXGroup section */

/* Begin PBXNativeTarget section */
		6812555222BBCDBB0069F656 /* FireFeed */ = {
			isa = PBXNativeTarget;
			buildConfigurationList = 6812556522BBCDBD0069F656 /* Build configuration list for PBXNativeTarget "FireFeed" */;
			buildPhases = (
				210D0DB9C0C69BC2679A91F8 /* [CP] Check Pods Manifest.lock */,
				6812554F22BBCDBB0069F656 /* Sources */,
				6812555022BBCDBB0069F656 /* Frameworks */,
				6812555122BBCDBB0069F656 /* Resources */,
				399B2E6129961405194C7D33 /* [CP] Embed Pods Frameworks */,
			);
			buildRules = (
			);
			dependencies = (
			);
			name = FireFeed;
			productName = FireFeed;
			productReference = 6812555322BBCDBB0069F656 /* FireFeed.app */;
			productType = "com.apple.product-type.application";
		};
/* End PBXNativeTarget section */

/* Begin PBXProject section */
		6812554B22BBCDBB0069F656 /* Project object */ = {
			isa = PBXProject;
			attributes = {
				LastSwiftUpdateCheck = 1020;
				LastUpgradeCheck = 1020;
				ORGANIZATIONNAME = "Tiago Valente";
				TargetAttributes = {
					6812555222BBCDBB0069F656 = {
						CreatedOnToolsVersion = 10.2.1;
					};
				};
			};
			buildConfigurationList = 6812554E22BBCDBB0069F656 /* Build configuration list for PBXProject "FireFeed" */;
			compatibilityVersion = "Xcode 9.3";
			developmentRegion = en;
			hasScannedForEncodings = 0;
			knownRegions = (
				en,
				Base,
			);
			mainGroup = 6812554A22BBCDBB0069F656;
			productRefGroup = 6812555422BBCDBB0069F656 /* Products */;
			projectDirPath = "";
			projectRoot = "";
			targets = (
				6812555222BBCDBB0069F656 /* FireFeed */,
			);
		};
/* End PBXProject section */

/* Begin PBXResourcesBuildPhase section */
		6812555122BBCDBB0069F656 /* Resources */ = {
			isa = PBXResourcesBuildPhase;
			buildActionMask = 2147483647;
			files = (
				6812556122BBCDBD0069F656 /* LaunchScreen.storyboard in Resources */,
				6812556B22BBD41C0069F656 /* GoogleService-Info.plist in Resources */,
				6812555E22BBCDBD0069F656 /* Assets.xcassets in Resources */,
			);
			runOnlyForDeploymentPostprocessing = 0;
		};
/* End PBXResourcesBuildPhase section */

/* Begin PBXShellScriptBuildPhase section */
		210D0DB9C0C69BC2679A91F8 /* [CP] Check Pods Manifest.lock */ = {
			isa = PBXShellScriptBuildPhase;
			buildActionMask = 2147483647;
			files = (
			);
			inputFileListPaths = (
			);
			inputPaths = (
				"${PODS_PODFILE_DIR_PATH}/Podfile.lock",
				"${PODS_ROOT}/Manifest.lock",
			);
			name = "[CP] Check Pods Manifest.lock";
			outputFileListPaths = (
			);
			outputPaths = (
				"$(DERIVED_FILE_DIR)/Pods-FireFeed-checkManifestLockResult.txt",
			);
			runOnlyForDeploymentPostprocessing = 0;
			shellPath = /bin/sh;
			shellScript = "diff \"${PODS_PODFILE_DIR_PATH}/Podfile.lock\" \"${PODS_ROOT}/Manifest.lock\" > /dev/null\nif [ $? != 0 ] ; then\n    # print error to STDERR\n    echo \"error: The sandbox is not in sync with the Podfile.lock. Run 'pod install' or update your CocoaPods installation.\" >&2\n    exit 1\nfi\n# This output is used by Xcode 'outputs' to avoid re-running this script phase.\necho \"SUCCESS\" > \"${SCRIPT_OUTPUT_FILE_0}\"\n";
			showEnvVarsInLog = 0;
		};
		399B2E6129961405194C7D33 /* [CP] Embed Pods Frameworks */ = {
			isa = PBXShellScriptBuildPhase;
			buildActionMask = 2147483647;
			files = (
			);
			inputFileListPaths = (
				"${PODS_ROOT}/Target Support Files/Pods-FireFeed/Pods-FireFeed-frameworks-${CONFIGURATION}-input-files.xcfilelist",
			);
			name = "[CP] Embed Pods Frameworks";
			outputFileListPaths = (
				"${PODS_ROOT}/Target Support Files/Pods-FireFeed/Pods-FireFeed-frameworks-${CONFIGURATION}-output-files.xcfilelist",
			);
			runOnlyForDeploymentPostprocessing = 0;
			shellPath = /bin/sh;
			shellScript = "\"${PODS_ROOT}/Target Support Files/Pods-FireFeed/Pods-FireFeed-frameworks.sh\"\n";
			showEnvVarsInLog = 0;
		};
/* End PBXShellScriptBuildPhase section */

/* Begin PBXSourcesBuildPhase section */
		6812554F22BBCDBB0069F656 /* Sources */ = {
			isa = PBXSourcesBuildPhase;
			buildActionMask = 2147483647;
			files = (
				6830A5B022C65B8800C62108 /* FeedListViewController.swift in Sources */,
				6830A5B222C65B9800C62108 /* FeedListViewModel.swift in Sources */,
				6812555722BBCDBB0069F656 /* AppDelegate.swift in Sources */,
				6830A5B622C65BD100C62108 /* FeedTableViewCell.swift in Sources */,
			);
			runOnlyForDeploymentPostprocessing = 0;
		};
/* End PBXSourcesBuildPhase section */

/* Begin PBXVariantGroup section */
		6812555F22BBCDBD0069F656 /* LaunchScreen.storyboard */ = {
			isa = PBXVariantGroup;
			children = (
				6812556022BBCDBD0069F656 /* Base */,
			);
			name = LaunchScreen.storyboard;
			sourceTree = "<group>";
		};
/* End PBXVariantGroup section */

/* Begin XCBuildConfiguration section */
		6812556322BBCDBD0069F656 /* Debug */ = {
			isa = XCBuildConfiguration;
			buildSettings = {
				ALWAYS_SEARCH_USER_PATHS = NO;
				CLANG_ANALYZER_NONNULL = YES;
				CLANG_ANALYZER_NUMBER_OBJECT_CONVERSION = YES_AGGRESSIVE;
				CLANG_CXX_LANGUAGE_STANDARD = "gnu++14";
				CLANG_CXX_LIBRARY = "libc++";
				CLANG_ENABLE_MODULES = YES;
				CLANG_ENABLE_OBJC_ARC = YES;
				CLANG_ENABLE_OBJC_WEAK = YES;
				CLANG_WARN_BLOCK_CAPTURE_AUTORELEASING = YES;
				CLANG_WARN_BOOL_CONVERSION = YES;
				CLANG_WARN_COMMA = YES;
				CLANG_WARN_CONSTANT_CONVERSION = YES;
				CLANG_WARN_DEPRECATED_OBJC_IMPLEMENTATIONS = YES;
				CLANG_WARN_DIRECT_OBJC_ISA_USAGE = YES_ERROR;
				CLANG_WARN_DOCUMENTATION_COMMENTS = YES;
				CLANG_WARN_EMPTY_BODY = YES;
				CLANG_WARN_ENUM_CONVERSION = YES;
				CLANG_WARN_INFINITE_RECURSION = YES;
				CLANG_WARN_INT_CONVERSION = YES;
				CLANG_WARN_NON_LITERAL_NULL_CONVERSION = YES;
				CLANG_WARN_OBJC_IMPLICIT_RETAIN_SELF = YES;
				CLANG_WARN_OBJC_LITERAL_CONVERSION = YES;
				CLANG_WARN_OBJC_ROOT_CLASS = YES_ERROR;
				CLANG_WARN_RANGE_LOOP_ANALYSIS = YES;
				CLANG_WARN_STRICT_PROTOTYPES = YES;
				CLANG_WARN_SUSPICIOUS_MOVE = YES;
				CLANG_WARN_UNGUARDED_AVAILABILITY = YES_AGGRESSIVE;
				CLANG_WARN_UNREACHABLE_CODE = YES;
				CLANG_WARN__DUPLICATE_METHOD_MATCH = YES;
				CODE_SIGN_IDENTITY = "iPhone Developer";
				COPY_PHASE_STRIP = NO;
				DEBUG_INFORMATION_FORMAT = dwarf;
				ENABLE_STRICT_OBJC_MSGSEND = YES;
				ENABLE_TESTABILITY = YES;
				GCC_C_LANGUAGE_STANDARD = gnu11;
				GCC_DYNAMIC_NO_PIC = NO;
				GCC_NO_COMMON_BLOCKS = YES;
				GCC_OPTIMIZATION_LEVEL = 0;
				GCC_PREPROCESSOR_DEFINITIONS = (
					"DEBUG=1",
					"$(inherited)",
				);
				GCC_WARN_64_TO_32_BIT_CONVERSION = YES;
				GCC_WARN_ABOUT_RETURN_TYPE = YES_ERROR;
				GCC_WARN_UNDECLARED_SELECTOR = YES;
				GCC_WARN_UNINITIALIZED_AUTOS = YES_AGGRESSIVE;
				GCC_WARN_UNUSED_FUNCTION = YES;
				GCC_WARN_UNUSED_VARIABLE = YES;
				IPHONEOS_DEPLOYMENT_TARGET = 12.2;
				MTL_ENABLE_DEBUG_INFO = INCLUDE_SOURCE;
				MTL_FAST_MATH = YES;
				ONLY_ACTIVE_ARCH = YES;
				SDKROOT = iphoneos;
				SWIFT_ACTIVE_COMPILATION_CONDITIONS = DEBUG;
				SWIFT_OPTIMIZATION_LEVEL = "-Onone";
			};
			name = Debug;
		};
		6812556422BBCDBD0069F656 /* Release */ = {
			isa = XCBuildConfiguration;
			buildSettings = {
				ALWAYS_SEARCH_USER_PATHS = NO;
				CLANG_ANALYZER_NONNULL = YES;
				CLANG_ANALYZER_NUMBER_OBJECT_CONVERSION = YES_AGGRESSIVE;
				CLANG_CXX_LANGUAGE_STANDARD = "gnu++14";
				CLANG_CXX_LIBRARY = "libc++";
				CLANG_ENABLE_MODULES = YES;
				CLANG_ENABLE_OBJC_ARC = YES;
				CLANG_ENABLE_OBJC_WEAK = YES;
				CLANG_WARN_BLOCK_CAPTURE_AUTORELEASING = YES;
				CLANG_WARN_BOOL_CONVERSION = YES;
				CLANG_WARN_COMMA = YES;
				CLANG_WARN_CONSTANT_CONVERSION = YES;
				CLANG_WARN_DEPRECATED_OBJC_IMPLEMENTATIONS = YES;
				CLANG_WARN_DIRECT_OBJC_ISA_USAGE = YES_ERROR;
				CLANG_WARN_DOCUMENTATION_COMMENTS = YES;
				CLANG_WARN_EMPTY_BODY = YES;
				CLANG_WARN_ENUM_CONVERSION = YES;
				CLANG_WARN_INFINITE_RECURSION = YES;
				CLANG_WARN_INT_CONVERSION = YES;
				CLANG_WARN_NON_LITERAL_NULL_CONVERSION = YES;
				CLANG_WARN_OBJC_IMPLICIT_RETAIN_SELF = YES;
				CLANG_WARN_OBJC_LITERAL_CONVERSION = YES;
				CLANG_WARN_OBJC_ROOT_CLASS = YES_ERROR;
				CLANG_WARN_RANGE_LOOP_ANALYSIS = YES;
				CLANG_WARN_STRICT_PROTOTYPES = YES;
				CLANG_WARN_SUSPICIOUS_MOVE = YES;
				CLANG_WARN_UNGUARDED_AVAILABILITY = YES_AGGRESSIVE;
				CLANG_WARN_UNREACHABLE_CODE = YES;
				CLANG_WARN__DUPLICATE_METHOD_MATCH = YES;
				CODE_SIGN_IDENTITY = "iPhone Developer";
				COPY_PHASE_STRIP = NO;
				DEBUG_INFORMATION_FORMAT = "dwarf-with-dsym";
				ENABLE_NS_ASSERTIONS = NO;
				ENABLE_STRICT_OBJC_MSGSEND = YES;
				GCC_C_LANGUAGE_STANDARD = gnu11;
				GCC_NO_COMMON_BLOCKS = YES;
				GCC_WARN_64_TO_32_BIT_CONVERSION = YES;
				GCC_WARN_ABOUT_RETURN_TYPE = YES_ERROR;
				GCC_WARN_UNDECLARED_SELECTOR = YES;
				GCC_WARN_UNINITIALIZED_AUTOS = YES_AGGRESSIVE;
				GCC_WARN_UNUSED_FUNCTION = YES;
				GCC_WARN_UNUSED_VARIABLE = YES;
				IPHONEOS_DEPLOYMENT_TARGET = 12.2;
				MTL_ENABLE_DEBUG_INFO = NO;
				MTL_FAST_MATH = YES;
				SDKROOT = iphoneos;
				SWIFT_COMPILATION_MODE = wholemodule;
				SWIFT_OPTIMIZATION_LEVEL = "-O";
				VALIDATE_PRODUCT = YES;
			};
			name = Release;
		};
		6812556622BBCDBD0069F656 /* Debug */ = {
			isa = XCBuildConfiguration;
			baseConfigurationReference = 8554F622C5F4DA4D0D5F314F /* Pods-FireFeed.debug.xcconfig */;
			buildSettings = {
				ASSETCATALOG_COMPILER_APPICON_NAME = AppIcon;
				CODE_SIGN_STYLE = Automatic;
				DEVELOPMENT_TEAM = R6BRTDJL4H;
				INFOPLIST_FILE = FireFeed/Info.plist;
				LD_RUNPATH_SEARCH_PATHS = (
					"$(inherited)",
					"@executable_path/Frameworks",
				);
				PRODUCT_BUNDLE_IDENTIFIER = com.tiago.FireFeed;
				PRODUCT_NAME = "$(TARGET_NAME)";
				SWIFT_VERSION = 5.0;
				TARGETED_DEVICE_FAMILY = "1,2";
			};
			name = Debug;
		};
		6812556722BBCDBD0069F656 /* Release */ = {
			isa = XCBuildConfiguration;
			baseConfigurationReference = 25DFD217A6D1F60F39F79C44 /* Pods-FireFeed.release.xcconfig */;
			buildSettings = {
				ASSETCATALOG_COMPILER_APPICON_NAME = AppIcon;
				CODE_SIGN_STYLE = Automatic;
				DEVELOPMENT_TEAM = R6BRTDJL4H;
				INFOPLIST_FILE = FireFeed/Info.plist;
				LD_RUNPATH_SEARCH_PATHS = (
					"$(inherited)",
					"@executable_path/Frameworks",
				);
				PRODUCT_BUNDLE_IDENTIFIER = com.tiago.FireFeed;
				PRODUCT_NAME = "$(TARGET_NAME)";
				SWIFT_VERSION = 5.0;
				TARGETED_DEVICE_FAMILY = "1,2";
			};
			name = Release;
		};
/* End XCBuildConfiguration section */

/* Begin XCConfigurationList section */
		6812554E22BBCDBB0069F656 /* Build configuration list for PBXProject "FireFeed" */ = {
			isa = XCConfigurationList;
			buildConfigurations = (
				6812556322BBCDBD0069F656 /* Debug */,
				6812556422BBCDBD0069F656 /* Release */,
			);
			defaultConfigurationIsVisible = 0;
			defaultConfigurationName = Release;
		};
		6812556522BBCDBD0069F656 /* Build configuration list for PBXNativeTarget "FireFeed" */ = {
			isa = XCConfigurationList;
			buildConfigurations = (
				6812556622BBCDBD0069F656 /* Debug */,
				6812556722BBCDBD0069F656 /* Release */,
			);
			defaultConfigurationIsVisible = 0;
			defaultConfigurationName = Release;
		};
/* End XCConfigurationList section */
	};
	rootObject = 6812554B22BBCDBB0069F656 /* Project object */;
}
